
Microsoft Visual Studio Solution File, Format Version 12.00
# Visual Studio Version 16
VisualStudioVersion = 16.0.32901.82
MinimumVisualStudioVersion = 10.0.40219.1
Project("{FAE04EC0-301F-11D3-BF4B-00C04F79EFBC}") = "Assignment_1", "Assignment_1\Assignment_1.csproj", "{15F49B20-9EDB-48B6-B26D-E37A95DCC530}"
EndProject
Global
	GlobalSection(SolutionConfigurationPlatforms) = preSolution
		Debug|Any CPU = Debug|Any CPU
		Release|Any CPU = Release|Any CPU
	EndGlobalSection
	GlobalSection(ProjectConfigurationPlatforms) = postSolution
		{15F49B20-9EDB-48B6-B26D-E37A95DCC530}.Debug|Any CPU.ActiveCfg = Debug|Any CPU
		{15F49B20-9EDB-48B6-B26D-E37A95DCC530}.Debug|Any CPU.Build.0 = Debug|Any CPU
		{15F49B20-9EDB-48B6-B26D-E37A95DCC530}.Release|Any CPU.ActiveCfg = Release|Any CPU
		{15F49B20-9EDB-48B6-B26D-E37A95DCC530}.Release|Any CPU.Build.0 = Release|Any CPU
	EndGlobalSection
	GlobalSection(SolutionProperties) = preSolution
		HideSolutionNode = FALSE
	EndGlobalSection
	GlobalSection(ExtensibilityGlobals) = postSolution
		SolutionGuid = {C6FD8787-D15C-4BC4-97B2-6BB214E70688}
	EndGlobalSection
EndGlobal
