
Microsoft Visual Studio Solution File, Format Version 12.00
# Visual Studio Version 16
VisualStudioVersion = 16.0.32901.82
MinimumVisualStudioVersion = 10.0.40219.1
Project("{FAE04EC0-301F-11D3-BF4B-00C04F79EFBC}") = "MVC_ASS", "MVC_ASS\MVC_ASS.csproj", "{66C0DF35-A732-4557-AED2-70691D3A248E}"
EndProject
Global
	GlobalSection(SolutionConfigurationPlatforms) = preSolution
		Debug|Any CPU = Debug|Any CPU
		Release|Any CPU = Release|Any CPU
	EndGlobalSection
	GlobalSection(ProjectConfigurationPlatforms) = postSolution
		{66C0DF35-A732-4557-AED2-70691D3A248E}.Debug|Any CPU.ActiveCfg = Debug|Any CPU
		{66C0DF35-A732-4557-AED2-70691D3A248E}.Debug|Any CPU.Build.0 = Debug|Any CPU
		{66C0DF35-A732-4557-AED2-70691D3A248E}.Release|Any CPU.ActiveCfg = Release|Any CPU
		{66C0DF35-A732-4557-AED2-70691D3A248E}.Release|Any CPU.Build.0 = Release|Any CPU
	EndGlobalSection
	GlobalSection(SolutionProperties) = preSolution
		HideSolutionNode = FALSE
	EndGlobalSection
	GlobalSection(ExtensibilityGlobals) = postSolution
		SolutionGuid = {E6CB3B33-4D98-4765-BB70-490F2A7C7351}
	EndGlobalSection
EndGlobal
